
Microsoft Visual Studio Solution File, Format Version 12.00
# Visual Studio Version 17
VisualStudioVersion = 17.10.35013.160
MinimumVisualStudioVersion = 10.0.40219.1
Project("{9A19103F-16F7-4668-BE54-9A1E7A4F7556}") = "Fynex.Service.WhatsApp.Api", "Fynex.Service.WhatsApp.Api\Fynex.Service.WhatsApp.Api.csproj", "{AC0A6D9B-C0A6-43C6-88CE-75F86C4ABDDB}"
EndProject
Project("{2150E333-8FDC-42A3-9474-1A3956D46DE8}") = "Elementos de la solución", "Elementos de la solución", "{BAED7CDE-0F98-4E1F-84C9-C9559B63880D}"
	ProjectSection(SolutionItems) = preProject
		README.md = README.md
	EndProjectSection
EndProject
Global
	GlobalSection(SolutionConfigurationPlatforms) = preSolution
		Debug|Any CPU = Debug|Any CPU
		Release|Any CPU = Release|Any CPU
	EndGlobalSection
	GlobalSection(ProjectConfigurationPlatforms) = postSolution
		{AC0A6D9B-C0A6-43C6-88CE-75F86C4ABDDB}.Debug|Any CPU.ActiveCfg = Debug|Any CPU
		{AC0A6D9B-C0A6-43C6-88CE-75F86C4ABDDB}.Debug|Any CPU.Build.0 = Debug|Any CPU
		{AC0A6D9B-C0A6-43C6-88CE-75F86C4ABDDB}.Release|Any CPU.ActiveCfg = Release|Any CPU
		{AC0A6D9B-C0A6-43C6-88CE-75F86C4ABDDB}.Release|Any CPU.Build.0 = Release|Any CPU
	EndGlobalSection
	GlobalSection(SolutionProperties) = preSolution
		HideSolutionNode = FALSE
	EndGlobalSection
	GlobalSection(ExtensibilityGlobals) = postSolution
		SolutionGuid = {B877CD21-EBE3-4EB0-8EC2-7F4196D96620}
	EndGlobalSection
EndGlobal
